
Microsoft Visual Studio Solution File, Format Version 12.00
# Visual Studio Version 17
VisualStudioVersion = 17.14.36811.4 d17.14
MinimumVisualStudioVersion = 10.0.40219.1
Project("{FAE04EC0-301F-11D3-BF4B-00C04F79EFBC}") = "App.Contatos.Api", "App.Contatos.Api\App.Contatos.Api.csproj", "{1475C6BA-74FF-4856-A5A3-395C69DA04E6}"
EndProject
Project("{FAE04EC0-301F-11D3-BF4B-00C04F79EFBC}") = "App.Contatos.Application", "App.Contatos.Application\App.Contatos.Application.csproj", "{D0936BDB-D9E7-4564-8F6B-6E03580DD075}"
EndProject
Project("{FAE04EC0-301F-11D3-BF4B-00C04F79EFBC}") = "App.Contatos.Domain", "App.Contatos.Domain\App.Contatos.Domain.csproj", "{D2CD7EB1-164E-4C3B-A4EB-33634A36CAFB}"
EndProject
Project("{FAE04EC0-301F-11D3-BF4B-00C04F79EFBC}") = "App.Contatos.Infra", "App.Contatos.Data\App.Contatos.Infra.csproj", "{70BD0D6C-0785-42D9-A877-ED305137D9A1}"
EndProject
Project("{FAE04EC0-301F-11D3-BF4B-00C04F79EFBC}") = "App.Contatos.Tests", "App.Contatos.Tests\App.Contatos.Tests.csproj", "{D1F01A8C-EFFB-4A94-9C16-3BB230A8574E}"
EndProject
Global
	GlobalSection(SolutionConfigurationPlatforms) = preSolution
		Debug|Any CPU = Debug|Any CPU
		Debug|x64 = Debug|x64
		Debug|x86 = Debug|x86
		Release|Any CPU = Release|Any CPU
		Release|x64 = Release|x64
		Release|x86 = Release|x86
	EndGlobalSection
	GlobalSection(ProjectConfigurationPlatforms) = postSolution
		{1475C6BA-74FF-4856-A5A3-395C69DA04E6}.Debug|Any CPU.ActiveCfg = Debug|Any CPU
		{1475C6BA-74FF-4856-A5A3-395C69DA04E6}.Debug|Any CPU.Build.0 = Debug|Any CPU
		{1475C6BA-74FF-4856-A5A3-395C69DA04E6}.Debug|x64.ActiveCfg = Debug|Any CPU
		{1475C6BA-74FF-4856-A5A3-395C69DA04E6}.Debug|x64.Build.0 = Debug|Any CPU
		{1475C6BA-74FF-4856-A5A3-395C69DA04E6}.Debug|x86.ActiveCfg = Debug|Any CPU
		{1475C6BA-74FF-4856-A5A3-395C69DA04E6}.Debug|x86.Build.0 = Debug|Any CPU
		{1475C6BA-74FF-4856-A5A3-395C69DA04E6}.Release|Any CPU.ActiveCfg = Release|Any CPU
		{1475C6BA-74FF-4856-A5A3-395C69DA04E6}.Release|Any CPU.Build.0 = Release|Any CPU
		{1475C6BA-74FF-4856-A5A3-395C69DA04E6}.Release|x64.ActiveCfg = Release|Any CPU
		{1475C6BA-74FF-4856-A5A3-395C69DA04E6}.Release|x64.Build.0 = Release|Any CPU
		{1475C6BA-74FF-4856-A5A3-395C69DA04E6}.Release|x86.ActiveCfg = Release|Any CPU
		{1475C6BA-74FF-4856-A5A3-395C69DA04E6}.Release|x86.Build.0 = Release|Any CPU
		{D0936BDB-D9E7-4564-8F6B-6E03580DD075}.Debug|Any CPU.ActiveCfg = Debug|Any CPU
		{D0936BDB-D9E7-4564-8F6B-6E03580DD075}.Debug|Any CPU.Build.0 = Debug|Any CPU
		{D0936BDB-D9E7-4564-8F6B-6E03580DD075}.Debug|x64.ActiveCfg = Debug|Any CPU
		{D0936BDB-D9E7-4564-8F6B-6E03580DD075}.Debug|x64.Build.0 = Debug|Any CPU
		{D0936BDB-D9E7-4564-8F6B-6E03580DD075}.Debug|x86.ActiveCfg = Debug|Any CPU
		{D0936BDB-D9E7-4564-8F6B-6E03580DD075}.Debug|x86.Build.0 = Debug|Any CPU
		{D0936BDB-D9E7-4564-8F6B-6E03580DD075}.Release|Any CPU.ActiveCfg = Release|Any CPU
		{D0936BDB-D9E7-4564-8F6B-6E03580DD075}.Release|Any CPU.Build.0 = Release|Any CPU
		{D0936BDB-D9E7-4564-8F6B-6E03580DD075}.Release|x64.ActiveCfg = Release|Any CPU
		{D0936BDB-D9E7-4564-8F6B-6E03580DD075}.Release|x64.Build.0 = Release|Any CPU
		{D0936BDB-D9E7-4564-8F6B-6E03580DD075}.Release|x86.ActiveCfg = Release|Any CPU
		{D0936BDB-D9E7-4564-8F6B-6E03580DD075}.Release|x86.Build.0 = Release|Any CPU
		{D2CD7EB1-164E-4C3B-A4EB-33634A36CAFB}.Debug|Any CPU.ActiveCfg = Debug|Any CPU
		{D2CD7EB1-164E-4C3B-A4EB-33634A36CAFB}.Debug|Any CPU.Build.0 = Debug|Any CPU
		{D2CD7EB1-164E-4C3B-A4EB-33634A36CAFB}.Debug|x64.ActiveCfg = Debug|Any CPU
		{D2CD7EB1-164E-4C3B-A4EB-33634A36CAFB}.Debug|x64.Build.0 = Debug|Any CPU
		{D2CD7EB1-164E-4C3B-A4EB-33634A36CAFB}.Debug|x86.ActiveCfg = Debug|Any CPU
		{D2CD7EB1-164E-4C3B-A4EB-33634A36CAFB}.Debug|x86.Build.0 = Debug|Any CPU
		{D2CD7EB1-164E-4C3B-A4EB-33634A36CAFB}.Release|Any CPU.ActiveCfg = Release|Any CPU
		{D2CD7EB1-164E-4C3B-A4EB-33634A36CAFB}.Release|Any CPU.Build.0 = Release|Any CPU
		{D2CD7EB1-164E-4C3B-A4EB-33634A36CAFB}.Release|x64.ActiveCfg = Release|Any CPU
		{D2CD7EB1-164E-4C3B-A4EB-33634A36CAFB}.Release|x64.Build.0 = Release|Any CPU
		{D2CD7EB1-164E-4C3B-A4EB-33634A36CAFB}.Release|x86.ActiveCfg = Release|Any CPU
		{D2CD7EB1-164E-4C3B-A4EB-33634A36CAFB}.Release|x86.Build.0 = Release|Any CPU
		{70BD0D6C-0785-42D9-A877-ED305137D9A1}.Debug|Any CPU.ActiveCfg = Debug|Any CPU
		{70BD0D6C-0785-42D9-A877-ED305137D9A1}.Debug|Any CPU.Build.0 = Debug|Any CPU
		{70BD0D6C-0785-42D9-A877-ED305137D9A1}.Debug|x64.ActiveCfg = Debug|Any CPU
		{70BD0D6C-0785-42D9-A877-ED305137D9A1}.Debug|x64.Build.0 = Debug|Any CPU
		{70BD0D6C-0785-42D9-A877-ED305137D9A1}.Debug|x86.ActiveCfg = Debug|Any CPU
		{70BD0D6C-0785-42D9-A877-ED305137D9A1}.Debug|x86.Build.0 = Debug|Any CPU
		{70BD0D6C-0785-42D9-A877-ED305137D9A1}.Release|Any CPU.ActiveCfg = Release|Any CPU
		{70BD0D6C-0785-42D9-A877-ED305137D9A1}.Release|Any CPU.Build.0 = Release|Any CPU
		{70BD0D6C-0785-42D9-A877-ED305137D9A1}.Release|x64.ActiveCfg = Release|Any CPU
		{70BD0D6C-0785-42D9-A877-ED305137D9A1}.Release|x64.Build.0 = Release|Any CPU
		{70BD0D6C-0785-42D9-A877-ED305137D9A1}.Release|x86.ActiveCfg = Release|Any CPU
		{70BD0D6C-0785-42D9-A877-ED305137D9A1}.Release|x86.Build.0 = Release|Any CPU
		{D1F01A8C-EFFB-4A94-9C16-3BB230A8574E}.Debug|Any CPU.ActiveCfg = Debug|Any CPU
		{D1F01A8C-EFFB-4A94-9C16-3BB230A8574E}.Debug|Any CPU.Build.0 = Debug|Any CPU
		{D1F01A8C-EFFB-4A94-9C16-3BB230A8574E}.Debug|x64.ActiveCfg = Debug|Any CPU
		{D1F01A8C-EFFB-4A94-9C16-3BB230A8574E}.Debug|x64.Build.0 = Debug|Any CPU
		{D1F01A8C-EFFB-4A94-9C16-3BB230A8574E}.Debug|x86.ActiveCfg = Debug|Any CPU
		{D1F01A8C-EFFB-4A94-9C16-3BB230A8574E}.Debug|x86.Build.0 = Debug|Any CPU
		{D1F01A8C-EFFB-4A94-9C16-3BB230A8574E}.Release|Any CPU.ActiveCfg = Release|Any CPU
		{D1F01A8C-EFFB-4A94-9C16-3BB230A8574E}.Release|Any CPU.Build.0 = Release|Any CPU
		{D1F01A8C-EFFB-4A94-9C16-3BB230A8574E}.Release|x64.ActiveCfg = Release|Any CPU
		{D1F01A8C-EFFB-4A94-9C16-3BB230A8574E}.Release|x64.Build.0 = Release|Any CPU
		{D1F01A8C-EFFB-4A94-9C16-3BB230A8574E}.Release|x86.ActiveCfg = Release|Any CPU
		{D1F01A8C-EFFB-4A94-9C16-3BB230A8574E}.Release|x86.Build.0 = Release|Any CPU
	EndGlobalSection
	GlobalSection(SolutionProperties) = preSolution
		HideSolutionNode = FALSE
	EndGlobalSection
	GlobalSection(ExtensibilityGlobals) = postSolution
		SolutionGuid = {71D9CE16-0F98-4E2C-A179-DC0C9F890BB5}
	EndGlobalSection
EndGlobal
